
Microsoft Visual Studio Solution File, Format Version 12.00
# Visual Studio Version 16
VisualStudioVersion = 25.0.1704.2
MinimumVisualStudioVersion = 10.0.40219.1
Project("{FAE04EC0-301F-11D3-BF4B-00C04F79EFBC}") = "Kondor+", "Kondor+\Kondor+.csproj", "{4496459C-34C9-4BF4-8059-2CC762C72062}"
EndProject
Global
	GlobalSection(SolutionConfigurationPlatforms) = preSolution
		Debug|Any CPU = Debug|Any CPU
		Release|Any CPU = Release|Any CPU
	EndGlobalSection
	GlobalSection(ProjectConfigurationPlatforms) = postSolution
		{4496459C-34C9-4BF4-8059-2CC762C72062}.Debug|Any CPU.ActiveCfg = Debug|Any CPU
		{4496459C-34C9-4BF4-8059-2CC762C72062}.Debug|Any CPU.Build.0 = Debug|Any CPU
		{4496459C-34C9-4BF4-8059-2CC762C72062}.Release|Any CPU.ActiveCfg = Release|Any CPU
		{4496459C-34C9-4BF4-8059-2CC762C72062}.Release|Any CPU.Build.0 = Release|Any CPU
	EndGlobalSection
	GlobalSection(SolutionProperties) = preSolution
		HideSolutionNode = FALSE
	EndGlobalSection
	GlobalSection(ExtensibilityGlobals) = postSolution
		SolutionGuid = {DB0936B4-BFEA-47E7-9103-14F712F40C94}
	EndGlobalSection
EndGlobal
